<?xml version="1.0" encoding="utf-8"?>
<Project ToolsVersion="4.0" xmlns="http://schemas.microsoft.com/developer/msbuild/2003">
  <ItemGroup>
    <Filter Include="Source Files">
      <UniqueIdentifier>{4FC737F1-C7A5-4376-A066-2A32D752A2FF}</UniqueIdentifier>
      <Extensions>cpp;c;cc;cxx;def;odl;idl;hpj;bat;asm;asmx</Extensions>
    </Filter>
    <Filter Include="Header Files">
      <UniqueIdentifier>{93995380-89BD-4b04-88EB-625FBE52EBFB}</UniqueIdentifier>
      <Extensions>h;hh;hpp;hxx;hm;inl;inc;ipp;xsd</Extensions>
    </Filter>
    <Filter Include="Resource Files">
      <UniqueIdentifier>{67DA6AB6-F800-4c08-8B7A-83BB121AAD01}</UniqueIdentifier>
      <Extensions>rc;ico;cur;bmp;dlg;rc2;rct;bin;rgs;gif;jpg;jpeg;jpe;resx;tiff;tif;png;wav;mfcribbon-ms</Extensions>
    </Filter>
    <Filter Include="Header Files\Engine Logic">
      <UniqueIdentifier>{b62873ed-8d71-438e-8a21-c1752952a31a}</UniqueIdentifier>
    </Filter>
    <Filter Include="Header Files\Rendering">
      <UniqueIdentifier>{f916e082-ac4c-491d-b97a-1d0178bc8be4}</UniqueIdentifier>
    </Filter>
    <Filter Include="Header Files\Entities">
      <UniqueIdentifier>{e31b8574-b8f4-4281-a099-dd689212de26}</UniqueIdentifier>
    </Filter>
    <Filter Include="Source Files\Entities">
      <UniqueIdentifier>{a07b12cb-dc35-4f5d-846a-042db414caee}</UniqueIdentifier>
    </Filter>
    <Filter Include="Source Files\Rendering">
      <UniqueIdentifier>{92768867-5e61-4418-88fa-a53fbd48f218}</UniqueIdentifier>
    </Filter>
    <Filter Include="Header Files\Definitions">
      <UniqueIdentifier>{093d39f8-66fa-4bb7-9dc4-4119af8db9b8}</UniqueIdentifier>
    </Filter>
    <Filter Include="Source Files\Engine Logic">
      <UniqueIdentifier>{10c9d488-3385-42c1-88d1-cc8f55142edf}</UniqueIdentifier>
    </Filter>
    <Filter Include="Source Files\Entities\Entities 2D">
      <UniqueIdentifier>{c71278df-2515-4dcd-80e5-835ab2f0020a}</UniqueIdentifier>
    </Filter>
    <Filter Include="Source Files\Entities\Base Classes">
      <UniqueIdentifier>{f7fc1224-3e9d-4349-ab34-82ead2d00e9f}</UniqueIdentifier>
    </Filter>
    <Filter Include="Source Files\Entities\Entities 3D">
      <UniqueIdentifier>{08db14e5-43d3-4a89-a8d7-695ff8783548}</UniqueIdentifier>
    </Filter>
    <Filter Include="Header Files\Entities\Base Classes">
      <UniqueIdentifier>{8f7fd50e-1b4a-491b-af72-a7da59fbcdaa}</UniqueIdentifier>
    </Filter>
    <Filter Include="Header Files\Entities\Entities 2D">
      <UniqueIdentifier>{57a3b078-da40-4267-9981-c31dd7b258f8}</UniqueIdentifier>
    </Filter>
    <Filter Include="Header Files\Entities\Entities 3D">
      <UniqueIdentifier>{b99be712-76fb-4dc1-aa5a-3a0a57306697}</UniqueIdentifier>
    </Filter>
    <Filter Include="Source Files\Rendering\Context">
      <UniqueIdentifier>{05b4984e-97d7-495d-b40d-c2c6aef6cd2e}</UniqueIdentifier>
    </Filter>
    <Filter Include="Source Files\Rendering\Shading">
      <UniqueIdentifier>{d55ae1de-c053-4cb8-8f05-9c6a519444c8}</UniqueIdentifier>
    </Filter>
    <Filter Include="Source Files\Engine Logic\Entities">
      <UniqueIdentifier>{2bcb5302-dbe9-457a-b77e-f6bcc35640aa}</UniqueIdentifier>
    </Filter>
    <Filter Include="Source Files\Engine Logic\Engine">
      <UniqueIdentifier>{e5d38c97-44c0-4fda-b8a9-e2d12f7166b3}</UniqueIdentifier>
    </Filter>
    <Filter Include="Header Files\Rendering\Context">
      <UniqueIdentifier>{1e65363c-33e4-4677-80ba-3d5a4157cd2b}</UniqueIdentifier>
    </Filter>
    <Filter Include="Header Files\Rendering\Shading">
      <UniqueIdentifier>{c995d8b0-3bb5-4dec-aa2c-d7cdc99c1ce3}</UniqueIdentifier>
    </Filter>
    <Filter Include="Header Files\Engine Logic\Entities">
      <UniqueIdentifier>{368198a3-43bc-465a-8d26-48a5261e6130}</UniqueIdentifier>
    </Filter>
    <Filter Include="Header Files\Engine Logic\Engine">
      <UniqueIdentifier>{9dede1bc-3b8c-4c81-8fc9-cd59eb6e8e0c}</UniqueIdentifier>
    </Filter>
    <Filter Include="Header Files\Scene Graph">
      <UniqueIdentifier>{c3f3fc92-e701-4c41-a49b-4047615fcf35}</UniqueIdentifier>
    </Filter>
    <Filter Include="Source Files\Scene Graph">
      <UniqueIdentifier>{e731cd93-b632-419b-9c3f-32a5fb72e9bd}</UniqueIdentifier>
    </Filter>
    <Filter Include="Header Files\Scene Graph\Components">
      <UniqueIdentifier>{b76c9e6d-0f65-4278-a1f6-9ddb0d976729}</UniqueIdentifier>
    </Filter>
    <Filter Include="Source Files\Scene Graph\Components">
      <UniqueIdentifier>{b3c1d774-3094-4024-8920-5e5e55548ec7}</UniqueIdentifier>
    </Filter>
    <Filter Include="Header Files\Scene Graph\Base Classes">
      <UniqueIdentifier>{769443b1-eb23-45fe-a274-b7f938c3e2b6}</UniqueIdentifier>
    </Filter>
    <Filter Include="Source Files\Scene Graph\Base Classes">
      <UniqueIdentifier>{45e7d8d0-db32-4c59-a4a7-fc1c65622efc}</UniqueIdentifier>
    </Filter>
  </ItemGroup>
  <ItemGroup>
    <ClInclude Include="Exports.h">
      <Filter>Header Files\Definitions</Filter>
    </ClInclude>
    <ClInclude Include="EngineConstants.h">
      <Filter>Header Files\Definitions</Filter>
    </ClInclude>
    <ClInclude Include="Enums.h">
      <Filter>Header Files\Definitions</Filter>
    </ClInclude>
    <ClInclude Include="Animation.h">
      <Filter>Header Files\Engine Logic\Entities</Filter>
    </ClInclude>
    <ClInclude Include="BoundingBox.h">
      <Filter>Header Files\Engine Logic\Entities</Filter>
    </ClInclude>
    <ClInclude Include="Entity.h">
      <Filter>Header Files\Entities\Base Classes</Filter>
    </ClInclude>
    <ClInclude Include="Shape.h">
      <Filter>Header Files\Entities\Base Classes</Filter>
    </ClInclude>
    <ClInclude Include="Circle.h">
      <Filter>Header Files\Entities\Entities 2D</Filter>
    </ClInclude>
    <ClInclude Include="Rectangle.h">
      <Filter>Header Files\Entities\Entities 2D</Filter>
    </ClInclude>
    <ClInclude Include="Sprite.h">
      <Filter>Header Files\Entities\Entities 2D</Filter>
    </ClInclude>
    <ClInclude Include="Tilemap.h">
      <Filter>Header Files\Entities\Entities 2D</Filter>
    </ClInclude>
    <ClInclude Include="Triangle.h">
      <Filter>Header Files\Entities\Entities 2D</Filter>
    </ClInclude>
    <ClInclude Include="Camera.h">
      <Filter>Header Files\Entities\Entities 3D</Filter>
    </ClInclude>
    <ClInclude Include="Cube.h">
      <Filter>Header Files\Entities\Entities 3D</Filter>
    </ClInclude>
    <ClInclude Include="CollisionManager.h">
      <Filter>Header Files\Engine Logic\Entities</Filter>
    </ClInclude>
    <ClInclude Include="GameBase.h">
      <Filter>Header Files\Engine Logic\Engine</Filter>
    </ClInclude>
    <ClInclude Include="InputManager.h">
      <Filter>Header Files\Engine Logic\Engine</Filter>
    </ClInclude>
    <ClInclude Include="Material.h">
      <Filter>Header Files\Rendering\Shading</Filter>
    </ClInclude>
    <ClInclude Include="Texture.h">
      <Filter>Header Files\Rendering\Shading</Filter>
    </ClInclude>
    <ClInclude Include="Window.h">
      <Filter>Header Files\Rendering\Context</Filter>
    </ClInclude>
    <ClInclude Include="Renderer.h">
      <Filter>Header Files\Rendering\Context</Filter>
    </ClInclude>
    <ClInclude Include="GameEntity2D.h">
      <Filter>Header Files\Entities\Base Classes</Filter>
    </ClInclude>
    <ClInclude Include="NavigationCamera.h">
      <Filter>Header Files\Entities\Entities 3D</Filter>
    </ClInclude>
    <ClInclude Include="Mesh.h">
      <Filter>Header Files\Entities\Base Classes</Filter>
    </ClInclude>
    <ClInclude Include="Model.h">
      <Filter>Header Files\Entities\Entities 3D</Filter>
    </ClInclude>
    <ClInclude Include="ModelMesh.h">
      <Filter>Header Files\Entities\Entities 3D</Filter>
    </ClInclude>
    <ClInclude Include="Transform.h">
      <Filter>Header Files\Scene Graph\Components</Filter>
    </ClInclude>
    <ClInclude Include="SpriteRenderer.h">
      <Filter>Header Files\Scene Graph\Components</Filter>
    </ClInclude>
    <ClInclude Include="Component.h">
      <Filter>Header Files\Scene Graph\Base Classes</Filter>
    </ClInclude>
    <ClInclude Include="GameObject.h">
      <Filter>Header Files\Scene Graph\Base Classes</Filter>
    </ClInclude>
  </ItemGroup>
  <ItemGroup>
    <ClCompile Include="Entity.cpp">
      <Filter>Source Files\Entities\Base Classes</Filter>
    </ClCompile>
    <ClCompile Include="Animation.cpp">
      <Filter>Source Files\Engine Logic\Entities</Filter>
    </ClCompile>
    <ClCompile Include="BoundingBox.cpp">
      <Filter>Source Files\Engine Logic\Entities</Filter>
    </ClCompile>
    <ClCompile Include="Circle.cpp">
      <Filter>Source Files\Entities\Entities 2D</Filter>
    </ClCompile>
    <ClCompile Include="Rectangle.cpp">
      <Filter>Source Files\Entities\Entities 2D</Filter>
    </ClCompile>
    <ClCompile Include="Shape.cpp">
      <Filter>Source Files\Entities\Base Classes</Filter>
    </ClCompile>
    <ClCompile Include="Sprite.cpp">
      <Filter>Source Files\Entities\Entities 2D</Filter>
    </ClCompile>
    <ClCompile Include="Triangle.cpp">
      <Filter>Source Files\Entities\Entities 2D</Filter>
    </ClCompile>
    <ClCompile Include="Tilemap.cpp">
      <Filter>Source Files\Entities\Entities 2D</Filter>
    </ClCompile>
    <ClCompile Include="Camera.cpp">
      <Filter>Source Files\Entities\Entities 3D</Filter>
    </ClCompile>
    <ClCompile Include="Cube.cpp">
      <Filter>Source Files\Entities\Entities 3D</Filter>
    </ClCompile>
    <ClCompile Include="GameBase.cpp">
      <Filter>Source Files\Engine Logic\Engine</Filter>
    </ClCompile>
    <ClCompile Include="InputManager.cpp">
      <Filter>Source Files\Engine Logic\Engine</Filter>
    </ClCompile>
    <ClCompile Include="CollisionManager.cpp">
      <Filter>Source Files\Engine Logic\Entities</Filter>
    </ClCompile>
    <ClCompile Include="Material.cpp">
      <Filter>Source Files\Rendering\Shading</Filter>
    </ClCompile>
    <ClCompile Include="Texture.cpp">
      <Filter>Source Files\Rendering\Shading</Filter>
    </ClCompile>
    <ClCompile Include="Renderer.cpp">
      <Filter>Source Files\Rendering\Context</Filter>
    </ClCompile>
    <ClCompile Include="Window.cpp">
      <Filter>Source Files\Rendering\Context</Filter>
    </ClCompile>
    <ClCompile Include="GameEntity2D.cpp">
      <Filter>Source Files\Entities\Base Classes</Filter>
    </ClCompile>
    <ClCompile Include="NavigationCamera.cpp">
      <Filter>Source Files\Entities\Entities 3D</Filter>
    </ClCompile>
    <ClCompile Include="Mesh.cpp">
      <Filter>Source Files\Entities\Base Classes</Filter>
    </ClCompile>
    <ClCompile Include="Model.cpp">
      <Filter>Source Files\Entities\Entities 3D</Filter>
    </ClCompile>
    <ClCompile Include="ModelMesh.cpp">
      <Filter>Source Files\Entities\Entities 3D</Filter>
    </ClCompile>
    <ClCompile Include="Transform.cpp">
      <Filter>Source Files\Scene Graph\Components</Filter>
    </ClCompile>
    <ClCompile Include="SpriteRenderer.cpp">
      <Filter>Source Files\Scene Graph\Components</Filter>
    </ClCompile>
    <ClCompile Include="GameObject.cpp">
      <Filter>Source Files\Scene Graph\Base Classes</Filter>
    </ClCompile>
  </ItemGroup>
</Project>